{
    "_meta": {
        "hash": {
            "sha256": "ebce9c77ae45fa1276643edf0900061c9a5ffce391b0a5491abd617f93c00c43"
        },
        "pipfile-spec": 6,
        "requires": {
            "python_version": "3.10"
        },
        "sources": [
            {
                "name": "pypi",
                "url": "https://pypi.org/simple",
                "verify_ssl": true
            }
        ]
    },
    "default": {
        "async-timeout": {
            "hashes": [
                "sha256:4640d96be84d82d02ed59ea2b7105a0f7b33abe8703703cd0ab0bf87c427522f",
                "sha256:7405140ff1230c310e51dc27b3145b9092d659ce68ff733fb0cefe3ee42be028"
            ],
            "markers": "python_full_version < '3.11.3'",
            "version": "==4.0.3"
        },
        "redis": {
            "hashes": [
                "sha256:30b47d4ebb6b7a0b9b40c1275a19b87bb6f46b3bed82a89012cf56dea4024ada",
                "sha256:3417688621acf6ee368dec4a04dd95881be24efd34c79f00d31f62bb528800ae"
            ],
            "index": "pypi",
            "version": "==5.0.5"
        }
    },
    "develop": {}
}
